
Microsoft Visual Studio Solution File, Format Version 12.00
# Visual Studio Version 17
VisualStudioVersion = 17.2.32630.192
MinimumVisualStudioVersion = 10.0.40219.1
Project("{9A19103F-16F7-4668-BE54-9A1E7A4F7556}") = "BigHelp.Threading", "src\BigHelp.Threading\BigHelp.Threading.csproj", "{6E21E8DF-2C61-4A69-93AA-39DCA1E47472}"
EndProject
Project("{2150E333-8FDC-42A3-9474-1A3956D46DE8}") = "Tests", "Tests", "{1E4EA76C-5385-4E83-A508-22667EDE73DB}"
EndProject
Project("{2150E333-8FDC-42A3-9474-1A3956D46DE8}") = "Sources", "Sources", "{77ABDC6F-785D-4D5A-95D1-F20A23BF6572}"
EndProject
Project("{9A19103F-16F7-4668-BE54-9A1E7A4F7556}") = "BigHelp.Http", "src\BigHelp.Http\BigHelp.Http.csproj", "{7394414E-D0FD-46B9-A08B-9F5AFC5FD77E}"
EndProject
Project("{9A19103F-16F7-4668-BE54-9A1E7A4F7556}") = "BigHelp.FluentRegEx", "src\BigHelp.FluentRegEx\BigHelp.FluentRegEx.csproj", "{F3DC7C7A-9C58-429A-B2A6-EE5EB4BF9C7D}"
EndProject
Project("{9A19103F-16F7-4668-BE54-9A1E7A4F7556}") = "BigHelp.Text", "src\BigHelp.Text\BigHelp.Text.csproj", "{1109C93D-590D-4AD8-A783-6FD2E9A59DD6}"
EndProject
Project("{9A19103F-16F7-4668-BE54-9A1E7A4F7556}") = "BigHelp.Lottery", "src\BigHelp.Lottery\BigHelp.Lottery.csproj", "{1A6BBEC6-79CE-4127-9E0A-B2D14C08582E}"
EndProject
Project("{9A19103F-16F7-4668-BE54-9A1E7A4F7556}") = "BigHelp.Lottery.Tests", "src\BigHelp.Lottery.Tests\BigHelp.Lottery.Tests.csproj", "{B022E69D-90FC-4D41-9832-789B6F47FDE9}"
EndProject
Project("{9A19103F-16F7-4668-BE54-9A1E7A4F7556}") = "BigHelp.Console", "src\BigHelp.Console\BigHelp.Console.csproj", "{06ACEFC6-799D-493F-9B3E-6646BFBE6BAC}"
EndProject
Project("{9A19103F-16F7-4668-BE54-9A1E7A4F7556}") = "BigHelp.Math", "src\BigHelp.Math\BigHelp.Math.csproj", "{2A8683A1-E1BA-4D31-854D-A53A911A358E}"
EndProject
Project("{9A19103F-16F7-4668-BE54-9A1E7A4F7556}") = "BigHelp.Tasks.STPTaskScheduler", "src\BigHelp.Tasks.STPTaskScheduler\BigHelp.Tasks.STPTaskScheduler.csproj", "{AE5AB5E9-1D47-476B-AE16-0D85FC202741}"
EndProject
Global
	GlobalSection(SolutionConfigurationPlatforms) = preSolution
		Debug|Any CPU = Debug|Any CPU
		Release|Any CPU = Release|Any CPU
	EndGlobalSection
	GlobalSection(ProjectConfigurationPlatforms) = postSolution
		{6E21E8DF-2C61-4A69-93AA-39DCA1E47472}.Debug|Any CPU.ActiveCfg = Debug|Any CPU
		{6E21E8DF-2C61-4A69-93AA-39DCA1E47472}.Debug|Any CPU.Build.0 = Debug|Any CPU
		{6E21E8DF-2C61-4A69-93AA-39DCA1E47472}.Release|Any CPU.ActiveCfg = Release|Any CPU
		{6E21E8DF-2C61-4A69-93AA-39DCA1E47472}.Release|Any CPU.Build.0 = Release|Any CPU
		{7394414E-D0FD-46B9-A08B-9F5AFC5FD77E}.Debug|Any CPU.ActiveCfg = Debug|Any CPU
		{7394414E-D0FD-46B9-A08B-9F5AFC5FD77E}.Debug|Any CPU.Build.0 = Debug|Any CPU
		{7394414E-D0FD-46B9-A08B-9F5AFC5FD77E}.Release|Any CPU.ActiveCfg = Release|Any CPU
		{7394414E-D0FD-46B9-A08B-9F5AFC5FD77E}.Release|Any CPU.Build.0 = Release|Any CPU
		{F3DC7C7A-9C58-429A-B2A6-EE5EB4BF9C7D}.Debug|Any CPU.ActiveCfg = Debug|Any CPU
		{F3DC7C7A-9C58-429A-B2A6-EE5EB4BF9C7D}.Debug|Any CPU.Build.0 = Debug|Any CPU
		{F3DC7C7A-9C58-429A-B2A6-EE5EB4BF9C7D}.Release|Any CPU.ActiveCfg = Release|Any CPU
		{F3DC7C7A-9C58-429A-B2A6-EE5EB4BF9C7D}.Release|Any CPU.Build.0 = Release|Any CPU
		{1109C93D-590D-4AD8-A783-6FD2E9A59DD6}.Debug|Any CPU.ActiveCfg = Debug|Any CPU
		{1109C93D-590D-4AD8-A783-6FD2E9A59DD6}.Debug|Any CPU.Build.0 = Debug|Any CPU
		{1109C93D-590D-4AD8-A783-6FD2E9A59DD6}.Release|Any CPU.ActiveCfg = Release|Any CPU
		{1109C93D-590D-4AD8-A783-6FD2E9A59DD6}.Release|Any CPU.Build.0 = Release|Any CPU
		{1A6BBEC6-79CE-4127-9E0A-B2D14C08582E}.Debug|Any CPU.ActiveCfg = Debug|Any CPU
		{1A6BBEC6-79CE-4127-9E0A-B2D14C08582E}.Debug|Any CPU.Build.0 = Debug|Any CPU
		{1A6BBEC6-79CE-4127-9E0A-B2D14C08582E}.Release|Any CPU.ActiveCfg = Release|Any CPU
		{1A6BBEC6-79CE-4127-9E0A-B2D14C08582E}.Release|Any CPU.Build.0 = Release|Any CPU
		{B022E69D-90FC-4D41-9832-789B6F47FDE9}.Debug|Any CPU.ActiveCfg = Debug|Any CPU
		{B022E69D-90FC-4D41-9832-789B6F47FDE9}.Debug|Any CPU.Build.0 = Debug|Any CPU
		{B022E69D-90FC-4D41-9832-789B6F47FDE9}.Release|Any CPU.ActiveCfg = Release|Any CPU
		{B022E69D-90FC-4D41-9832-789B6F47FDE9}.Release|Any CPU.Build.0 = Release|Any CPU
		{06ACEFC6-799D-493F-9B3E-6646BFBE6BAC}.Debug|Any CPU.ActiveCfg = Debug|Any CPU
		{06ACEFC6-799D-493F-9B3E-6646BFBE6BAC}.Debug|Any CPU.Build.0 = Debug|Any CPU
		{06ACEFC6-799D-493F-9B3E-6646BFBE6BAC}.Release|Any CPU.ActiveCfg = Release|Any CPU
		{06ACEFC6-799D-493F-9B3E-6646BFBE6BAC}.Release|Any CPU.Build.0 = Release|Any CPU
		{2A8683A1-E1BA-4D31-854D-A53A911A358E}.Debug|Any CPU.ActiveCfg = Debug|Any CPU
		{2A8683A1-E1BA-4D31-854D-A53A911A358E}.Debug|Any CPU.Build.0 = Debug|Any CPU
		{2A8683A1-E1BA-4D31-854D-A53A911A358E}.Release|Any CPU.ActiveCfg = Release|Any CPU
		{2A8683A1-E1BA-4D31-854D-A53A911A358E}.Release|Any CPU.Build.0 = Release|Any CPU
		{AE5AB5E9-1D47-476B-AE16-0D85FC202741}.Debug|Any CPU.ActiveCfg = Debug|Any CPU
		{AE5AB5E9-1D47-476B-AE16-0D85FC202741}.Debug|Any CPU.Build.0 = Debug|Any CPU
		{AE5AB5E9-1D47-476B-AE16-0D85FC202741}.Release|Any CPU.ActiveCfg = Release|Any CPU
		{AE5AB5E9-1D47-476B-AE16-0D85FC202741}.Release|Any CPU.Build.0 = Release|Any CPU
	EndGlobalSection
	GlobalSection(SolutionProperties) = preSolution
		HideSolutionNode = FALSE
	EndGlobalSection
	GlobalSection(NestedProjects) = preSolution
		{6E21E8DF-2C61-4A69-93AA-39DCA1E47472} = {77ABDC6F-785D-4D5A-95D1-F20A23BF6572}
		{7394414E-D0FD-46B9-A08B-9F5AFC5FD77E} = {77ABDC6F-785D-4D5A-95D1-F20A23BF6572}
		{F3DC7C7A-9C58-429A-B2A6-EE5EB4BF9C7D} = {77ABDC6F-785D-4D5A-95D1-F20A23BF6572}
		{1109C93D-590D-4AD8-A783-6FD2E9A59DD6} = {77ABDC6F-785D-4D5A-95D1-F20A23BF6572}
		{1A6BBEC6-79CE-4127-9E0A-B2D14C08582E} = {77ABDC6F-785D-4D5A-95D1-F20A23BF6572}
		{B022E69D-90FC-4D41-9832-789B6F47FDE9} = {1E4EA76C-5385-4E83-A508-22667EDE73DB}
		{06ACEFC6-799D-493F-9B3E-6646BFBE6BAC} = {77ABDC6F-785D-4D5A-95D1-F20A23BF6572}
		{2A8683A1-E1BA-4D31-854D-A53A911A358E} = {77ABDC6F-785D-4D5A-95D1-F20A23BF6572}
		{AE5AB5E9-1D47-476B-AE16-0D85FC202741} = {77ABDC6F-785D-4D5A-95D1-F20A23BF6572}
	EndGlobalSection
	GlobalSection(ExtensibilityGlobals) = postSolution
		SolutionGuid = {C407D670-8BA6-42B7-8800-C3AF43AF2C85}
	EndGlobalSection
EndGlobal
